
Microsoft Visual Studio Solution File, Format Version 12.00
# Visual Studio Version 17
VisualStudioVersion = 17.3.32929.385
MinimumVisualStudioVersion = 10.0.40219.1
Project("{9A19103F-16F7-4668-BE54-9A1E7A4F7556}") = "net.gwiasda.local.ui", "net.gwiasda.local.ui\net.gwiasda.local.ui.csproj", "{D0EDEF4D-AC09-4630-B5D6-4EAA898CA591}"
EndProject
Project("{2150E333-8FDC-42A3-9474-1A3956D46DE8}") = "pipelines", "pipelines", "{9AD2FE48-06AD-4F5F-801A-485786CA3DBC}"
	ProjectSection(SolutionItems) = preProject
		..\..\Dockerfile = ..\..\Dockerfile
	EndProjectSection
EndProject
Project("{2150E333-8FDC-42A3-9474-1A3956D46DE8}") = "docs", "docs", "{7990D616-11F0-47C4-ADC9-A04E9133C477}"
	ProjectSection(SolutionItems) = preProject
		..\..\docs\coverlet.txt = ..\..\docs\coverlet.txt
	EndProjectSection
EndProject
Project("{2150E333-8FDC-42A3-9474-1A3956D46DE8}") = "foundation", "foundation", "{90FD909C-90F1-4B6D-B4CB-A5B4514A1269}"
EndProject
Project("{9A19103F-16F7-4668-BE54-9A1E7A4F7556}") = "net.gwiasda.logging", "net.gwiasda.logging\net.gwiasda.logging.csproj", "{182E54BB-BE10-457E-A412-D619BD48E6AC}"
EndProject
Project("{9A19103F-16F7-4668-BE54-9A1E7A4F7556}") = "net.gwiasda.logging.contracts", "net.gwiasda.logging.contracts\net.gwiasda.logging.contracts.csproj", "{D164B3A2-AC11-4209-A9B3-965B7521D778}"
EndProject
Project("{9A19103F-16F7-4668-BE54-9A1E7A4F7556}") = "net.gwiasda.logging.model", "net.gwiasda.logging.model\net.gwiasda.logging.model.csproj", "{37D9873C-7CD8-428D-976D-72E98BA97FA4}"
EndProject
Project("{9A19103F-16F7-4668-BE54-9A1E7A4F7556}") = "net.gwiasda.local.repository", "net.gwiasda.local.repository\net.gwiasda.local.repository.csproj", "{E5340F1E-B75F-41E2-90B2-31C58956E237}"
EndProject
Project("{2150E333-8FDC-42A3-9474-1A3956D46DE8}") = "FiMa", "FiMa", "{7F1337D6-7C20-4C7F-B6F8-B62A23AE9B6F}"
EndProject
Project("{9A19103F-16F7-4668-BE54-9A1E7A4F7556}") = "net.gwiasda.fima.reports", "net.gwiasda.fima.reports\net.gwiasda.fima.reports.csproj", "{A644767A-DCA3-4A63-B73A-2227A5CF12B8}"
EndProject
Project("{9A19103F-16F7-4668-BE54-9A1E7A4F7556}") = "net.gwiasda.fima.bookings", "net.gwiasda.fima.bookings\net.gwiasda.fima.bookings.csproj", "{80D4A8EB-684E-4FFA-9498-8D33F780F741}"
EndProject
Project("{9A19103F-16F7-4668-BE54-9A1E7A4F7556}") = "net.gwiasda.fima.categories", "net.gwiasda.fima.categories\net.gwiasda.fima.categories.csproj", "{BEDBA20C-6802-49FE-B739-E3EE2005ABD3}"
EndProject
Project("{2150E333-8FDC-42A3-9474-1A3956D46DE8}") = "tests", "tests", "{EE401942-DF48-4644-944F-6B635D49E9AC}"
EndProject
Project("{2150E333-8FDC-42A3-9474-1A3956D46DE8}") = "FiMa", "FiMa", "{13A9D849-706E-4F73-9A28-EAA95FB35804}"
EndProject
Project("{9A19103F-16F7-4668-BE54-9A1E7A4F7556}") = "net.gwiasda.fima.categories.tests", "net.gwiasda.fima.categories.tests\net.gwiasda.fima.categories.tests.csproj", "{00B12EC3-0E7B-4DAB-8AC0-9AB41EE7B91B}"
EndProject
Project("{2150E333-8FDC-42A3-9474-1A3956D46DE8}") = "foundation", "foundation", "{D0F391E5-F130-49F3-B1D2-8E25109045AE}"
EndProject
Project("{9A19103F-16F7-4668-BE54-9A1E7A4F7556}") = "net.gwiasda.foundation.repository.tests", "net.gwiasda.foundation.repository.tests\net.gwiasda.foundation.repository.tests.csproj", "{8A33D23C-0651-45DD-BB92-1E0F29D8297D}"
EndProject
Project("{9A19103F-16F7-4668-BE54-9A1E7A4F7556}") = "net.gwiasda.fima.reports.tests", "net.gwiasda.fima.reports.tests\net.gwiasda.fima.reports.tests.csproj", "{BF9EDF9A-88BC-4ED4-895A-B6466E74A2A1}"
EndProject
Project("{2150E333-8FDC-42A3-9474-1A3956D46DE8}") = "Links", "Links", "{86F2CBBE-9A9B-4432-B74B-06661322569D}"
EndProject
Project("{FAE04EC0-301F-11D3-BF4B-00C04F79EFBC}") = "net.gwiasda.links", "net.gwiasda.links\net.gwiasda.links.csproj", "{E242BBBF-698D-4345-B742-671FC4CD2695}"
EndProject
Global
	GlobalSection(SolutionConfigurationPlatforms) = preSolution
		Debug|Any CPU = Debug|Any CPU
		Release|Any CPU = Release|Any CPU
	EndGlobalSection
	GlobalSection(ProjectConfigurationPlatforms) = postSolution
		{D0EDEF4D-AC09-4630-B5D6-4EAA898CA591}.Debug|Any CPU.ActiveCfg = Debug|Any CPU
		{D0EDEF4D-AC09-4630-B5D6-4EAA898CA591}.Debug|Any CPU.Build.0 = Debug|Any CPU
		{D0EDEF4D-AC09-4630-B5D6-4EAA898CA591}.Release|Any CPU.ActiveCfg = Release|Any CPU
		{D0EDEF4D-AC09-4630-B5D6-4EAA898CA591}.Release|Any CPU.Build.0 = Release|Any CPU
		{182E54BB-BE10-457E-A412-D619BD48E6AC}.Debug|Any CPU.ActiveCfg = Debug|Any CPU
		{182E54BB-BE10-457E-A412-D619BD48E6AC}.Debug|Any CPU.Build.0 = Debug|Any CPU
		{182E54BB-BE10-457E-A412-D619BD48E6AC}.Release|Any CPU.ActiveCfg = Release|Any CPU
		{182E54BB-BE10-457E-A412-D619BD48E6AC}.Release|Any CPU.Build.0 = Release|Any CPU
		{D164B3A2-AC11-4209-A9B3-965B7521D778}.Debug|Any CPU.ActiveCfg = Debug|Any CPU
		{D164B3A2-AC11-4209-A9B3-965B7521D778}.Debug|Any CPU.Build.0 = Debug|Any CPU
		{D164B3A2-AC11-4209-A9B3-965B7521D778}.Release|Any CPU.ActiveCfg = Release|Any CPU
		{D164B3A2-AC11-4209-A9B3-965B7521D778}.Release|Any CPU.Build.0 = Release|Any CPU
		{37D9873C-7CD8-428D-976D-72E98BA97FA4}.Debug|Any CPU.ActiveCfg = Debug|Any CPU
		{37D9873C-7CD8-428D-976D-72E98BA97FA4}.Debug|Any CPU.Build.0 = Debug|Any CPU
		{37D9873C-7CD8-428D-976D-72E98BA97FA4}.Release|Any CPU.ActiveCfg = Release|Any CPU
		{37D9873C-7CD8-428D-976D-72E98BA97FA4}.Release|Any CPU.Build.0 = Release|Any CPU
		{E5340F1E-B75F-41E2-90B2-31C58956E237}.Debug|Any CPU.ActiveCfg = Debug|Any CPU
		{E5340F1E-B75F-41E2-90B2-31C58956E237}.Debug|Any CPU.Build.0 = Debug|Any CPU
		{E5340F1E-B75F-41E2-90B2-31C58956E237}.Release|Any CPU.ActiveCfg = Release|Any CPU
		{E5340F1E-B75F-41E2-90B2-31C58956E237}.Release|Any CPU.Build.0 = Release|Any CPU
		{A644767A-DCA3-4A63-B73A-2227A5CF12B8}.Debug|Any CPU.ActiveCfg = Debug|Any CPU
		{A644767A-DCA3-4A63-B73A-2227A5CF12B8}.Debug|Any CPU.Build.0 = Debug|Any CPU
		{A644767A-DCA3-4A63-B73A-2227A5CF12B8}.Release|Any CPU.ActiveCfg = Release|Any CPU
		{A644767A-DCA3-4A63-B73A-2227A5CF12B8}.Release|Any CPU.Build.0 = Release|Any CPU
		{80D4A8EB-684E-4FFA-9498-8D33F780F741}.Debug|Any CPU.ActiveCfg = Debug|Any CPU
		{80D4A8EB-684E-4FFA-9498-8D33F780F741}.Debug|Any CPU.Build.0 = Debug|Any CPU
		{80D4A8EB-684E-4FFA-9498-8D33F780F741}.Release|Any CPU.ActiveCfg = Release|Any CPU
		{80D4A8EB-684E-4FFA-9498-8D33F780F741}.Release|Any CPU.Build.0 = Release|Any CPU
		{BEDBA20C-6802-49FE-B739-E3EE2005ABD3}.Debug|Any CPU.ActiveCfg = Debug|Any CPU
		{BEDBA20C-6802-49FE-B739-E3EE2005ABD3}.Debug|Any CPU.Build.0 = Debug|Any CPU
		{BEDBA20C-6802-49FE-B739-E3EE2005ABD3}.Release|Any CPU.ActiveCfg = Release|Any CPU
		{BEDBA20C-6802-49FE-B739-E3EE2005ABD3}.Release|Any CPU.Build.0 = Release|Any CPU
		{00B12EC3-0E7B-4DAB-8AC0-9AB41EE7B91B}.Debug|Any CPU.ActiveCfg = Debug|Any CPU
		{00B12EC3-0E7B-4DAB-8AC0-9AB41EE7B91B}.Debug|Any CPU.Build.0 = Debug|Any CPU
		{00B12EC3-0E7B-4DAB-8AC0-9AB41EE7B91B}.Release|Any CPU.ActiveCfg = Release|Any CPU
		{00B12EC3-0E7B-4DAB-8AC0-9AB41EE7B91B}.Release|Any CPU.Build.0 = Release|Any CPU
		{8A33D23C-0651-45DD-BB92-1E0F29D8297D}.Debug|Any CPU.ActiveCfg = Debug|Any CPU
		{8A33D23C-0651-45DD-BB92-1E0F29D8297D}.Debug|Any CPU.Build.0 = Debug|Any CPU
		{8A33D23C-0651-45DD-BB92-1E0F29D8297D}.Release|Any CPU.ActiveCfg = Release|Any CPU
		{8A33D23C-0651-45DD-BB92-1E0F29D8297D}.Release|Any CPU.Build.0 = Release|Any CPU
		{BF9EDF9A-88BC-4ED4-895A-B6466E74A2A1}.Debug|Any CPU.ActiveCfg = Debug|Any CPU
		{BF9EDF9A-88BC-4ED4-895A-B6466E74A2A1}.Debug|Any CPU.Build.0 = Debug|Any CPU
		{BF9EDF9A-88BC-4ED4-895A-B6466E74A2A1}.Release|Any CPU.ActiveCfg = Release|Any CPU
		{BF9EDF9A-88BC-4ED4-895A-B6466E74A2A1}.Release|Any CPU.Build.0 = Release|Any CPU
		{E242BBBF-698D-4345-B742-671FC4CD2695}.Debug|Any CPU.ActiveCfg = Debug|Any CPU
		{E242BBBF-698D-4345-B742-671FC4CD2695}.Debug|Any CPU.Build.0 = Debug|Any CPU
		{E242BBBF-698D-4345-B742-671FC4CD2695}.Release|Any CPU.ActiveCfg = Release|Any CPU
		{E242BBBF-698D-4345-B742-671FC4CD2695}.Release|Any CPU.Build.0 = Release|Any CPU
	EndGlobalSection
	GlobalSection(SolutionProperties) = preSolution
		HideSolutionNode = FALSE
	EndGlobalSection
	GlobalSection(NestedProjects) = preSolution
		{182E54BB-BE10-457E-A412-D619BD48E6AC} = {90FD909C-90F1-4B6D-B4CB-A5B4514A1269}
		{D164B3A2-AC11-4209-A9B3-965B7521D778} = {90FD909C-90F1-4B6D-B4CB-A5B4514A1269}
		{37D9873C-7CD8-428D-976D-72E98BA97FA4} = {90FD909C-90F1-4B6D-B4CB-A5B4514A1269}
		{E5340F1E-B75F-41E2-90B2-31C58956E237} = {90FD909C-90F1-4B6D-B4CB-A5B4514A1269}
		{A644767A-DCA3-4A63-B73A-2227A5CF12B8} = {7F1337D6-7C20-4C7F-B6F8-B62A23AE9B6F}
		{80D4A8EB-684E-4FFA-9498-8D33F780F741} = {7F1337D6-7C20-4C7F-B6F8-B62A23AE9B6F}
		{BEDBA20C-6802-49FE-B739-E3EE2005ABD3} = {7F1337D6-7C20-4C7F-B6F8-B62A23AE9B6F}
		{13A9D849-706E-4F73-9A28-EAA95FB35804} = {EE401942-DF48-4644-944F-6B635D49E9AC}
		{00B12EC3-0E7B-4DAB-8AC0-9AB41EE7B91B} = {13A9D849-706E-4F73-9A28-EAA95FB35804}
		{D0F391E5-F130-49F3-B1D2-8E25109045AE} = {EE401942-DF48-4644-944F-6B635D49E9AC}
		{8A33D23C-0651-45DD-BB92-1E0F29D8297D} = {D0F391E5-F130-49F3-B1D2-8E25109045AE}
		{BF9EDF9A-88BC-4ED4-895A-B6466E74A2A1} = {13A9D849-706E-4F73-9A28-EAA95FB35804}
		{E242BBBF-698D-4345-B742-671FC4CD2695} = {86F2CBBE-9A9B-4432-B74B-06661322569D}
	EndGlobalSection
	GlobalSection(ExtensibilityGlobals) = postSolution
		SolutionGuid = {AEE83DB8-D05A-409C-888D-BFC16253C8AE}
	EndGlobalSection
EndGlobal
